{
  "nodes": {
    "disko": {
      "inputs": {
        "nixpkgs": [
          "nixpkgs"
        ]
      },
      "locked": {
        "lastModified": 1738148035,
        "narHash": "sha256-KYOATYEwaKysL3HdHdS5kbQMXvzS4iPJzJrML+3TKAo=",
        "owner": "nix-community",
        "repo": "disko",
        "rev": "18d0a984cc2bc82cf61df19523a34ad463aa7f54",
        "type": "github"
      },
      "original": {
        "owner": "nix-community",
        "repo": "disko",
        "type": "github"
      }
    },
    "home-manager": {
      "inputs": {
        "nixpkgs": [
          "nixpkgs"
        ]
      },
      "locked": {
        "lastModified": 1738610386,
        "narHash": "sha256-yb6a5efA1e8xze1vcdN2HBxqYr340EsxFMrDUHL3WZM=",
        "owner": "nix-community",
        "repo": "home-manager",
        "rev": "066ba0c5cfddbc9e0dddaec73b1561ad38aa8abe",
        "type": "github"
      },
      "original": {
        "owner": "nix-community",
        "repo": "home-manager",
        "type": "github"
      }
    },
    "nixpkgs": {
      "locked": {
        "lastModified": 1738611518,
        "narHash": "sha256-gOP/qsGtUCTkazx3qQ/tn6xaDERRgOtF2eRe1gmIU5s=",
        "owner": "nixos",
        "repo": "nixpkgs",
        "rev": "eb3431789cef743af9dace58eb2ba7b33a332b56",
        "type": "github"
      },
      "original": {
        "owner": "nixos",
        "repo": "nixpkgs",
        "type": "github"
      }
    },
    "root": {
      "inputs": {
        "disko": "disko",
        "home-manager": "home-manager",
        "nixpkgs": "nixpkgs",
        "treefmt-nix": "treefmt-nix",
        "website": "website"
      }
    },
    "treefmt-nix": {
      "inputs": {
        "nixpkgs": [
          "nixpkgs"
        ]
      },
      "locked": {
        "lastModified": 1738070913,
        "narHash": "sha256-j6jC12vCFsTGDmY2u1H12lMr62fnclNjuCtAdF1a4Nk=",
        "owner": "numtide",
        "repo": "treefmt-nix",
        "rev": "bebf27d00f7d10ba75332a0541ac43676985dea3",
        "type": "github"
      },
      "original": {
        "owner": "numtide",
        "repo": "treefmt-nix",
        "type": "github"
      }
    },
    "website": {
      "flake": false,
      "locked": {
        "lastModified": 1740033973,
        "narHash": "sha256-icqTNv9NfE39+zuKcpCGYHt5cz7J51wC5zQLkooouOc=",
        "ref": "refs/heads/master",
        "rev": "0d25745f33e0c5a8d49b4e22fde751a3cfa67980",
        "revCount": 13,
        "type": "git",
        "url": "file:///home/francesco/Git/website"
      },
      "original": {
        "type": "git",
        "url": "file:///home/francesco/Git/website"
      }
    }
  },
  "root": "root",
  "version": 7
}
